
Microsoft Visual Studio Solution File, Format Version 12.00
# Visual Studio Version 17
VisualStudioVersion = 17.8.34525.116
MinimumVisualStudioVersion = 10.0.40219.1
Project("{9A19103F-16F7-4668-BE54-9A1E7A4F7556}") = "Microservices", "src\Microservices\Microservices.csproj", "{9E1163BA-F9B8-401A-B0F9-C3D2A8C37615}"
EndProject
Project("{9A19103F-16F7-4668-BE54-9A1E7A4F7556}") = "Microservices.Models", "src\Microservices.Models\Microservices.Models.csproj", "{B8D18F25-F379-4B87-ACCC-F8A17E0AED38}"
EndProject
Project("{9A19103F-16F7-4668-BE54-9A1E7A4F7556}") = "Microservices.BusinessLogic", "src\Microservices.BusinessLogic\Microservices.BusinessLogic.csproj", "{DE3ABFC4-6ADE-4556-B61A-F163E9BF1B2A}"
EndProject
Project("{9A19103F-16F7-4668-BE54-9A1E7A4F7556}") = "Microservices.DataAccess", "src\Microservices.DataAccess\Microservices.DataAccess.csproj", "{D74C37AB-23AC-4234-83A5-2917FC2E1F81}"
EndProject
Project("{9A19103F-16F7-4668-BE54-9A1E7A4F7556}") = "Microservices.Migrations", "src\Microservices.Migrations\Microservices.Migrations.csproj", "{AC386540-921A-4135-B23A-31524C45D459}"
EndProject
Project("{9A19103F-16F7-4668-BE54-9A1E7A4F7556}") = "Microservices.Common", "src\Microservices.Common\Microservices.Common.csproj", "{B8026D54-90DF-488C-86C1-91AA08535FD6}"
EndProject
Project("{9A19103F-16F7-4668-BE54-9A1E7A4F7556}") = "Microservices.Tests", "src\Microservices.Tests\Microservices.Tests.csproj", "{BA53E09C-ACA9-4A5B-91C9-C696B8EC3693}"
EndProject
Global
	GlobalSection(SolutionConfigurationPlatforms) = preSolution
		Debug|Any CPU = Debug|Any CPU
		Release|Any CPU = Release|Any CPU
	EndGlobalSection
	GlobalSection(ProjectConfigurationPlatforms) = postSolution
		{9E1163BA-F9B8-401A-B0F9-C3D2A8C37615}.Debug|Any CPU.ActiveCfg = Debug|Any CPU
		{9E1163BA-F9B8-401A-B0F9-C3D2A8C37615}.Debug|Any CPU.Build.0 = Debug|Any CPU
		{9E1163BA-F9B8-401A-B0F9-C3D2A8C37615}.Release|Any CPU.ActiveCfg = Release|Any CPU
		{9E1163BA-F9B8-401A-B0F9-C3D2A8C37615}.Release|Any CPU.Build.0 = Release|Any CPU
		{B8D18F25-F379-4B87-ACCC-F8A17E0AED38}.Debug|Any CPU.ActiveCfg = Debug|Any CPU
		{B8D18F25-F379-4B87-ACCC-F8A17E0AED38}.Debug|Any CPU.Build.0 = Debug|Any CPU
		{B8D18F25-F379-4B87-ACCC-F8A17E0AED38}.Release|Any CPU.ActiveCfg = Release|Any CPU
		{B8D18F25-F379-4B87-ACCC-F8A17E0AED38}.Release|Any CPU.Build.0 = Release|Any CPU
		{DE3ABFC4-6ADE-4556-B61A-F163E9BF1B2A}.Debug|Any CPU.ActiveCfg = Debug|Any CPU
		{DE3ABFC4-6ADE-4556-B61A-F163E9BF1B2A}.Debug|Any CPU.Build.0 = Debug|Any CPU
		{DE3ABFC4-6ADE-4556-B61A-F163E9BF1B2A}.Release|Any CPU.ActiveCfg = Release|Any CPU
		{DE3ABFC4-6ADE-4556-B61A-F163E9BF1B2A}.Release|Any CPU.Build.0 = Release|Any CPU
		{D74C37AB-23AC-4234-83A5-2917FC2E1F81}.Debug|Any CPU.ActiveCfg = Debug|Any CPU
		{D74C37AB-23AC-4234-83A5-2917FC2E1F81}.Debug|Any CPU.Build.0 = Debug|Any CPU
		{D74C37AB-23AC-4234-83A5-2917FC2E1F81}.Release|Any CPU.ActiveCfg = Release|Any CPU
		{D74C37AB-23AC-4234-83A5-2917FC2E1F81}.Release|Any CPU.Build.0 = Release|Any CPU
		{AC386540-921A-4135-B23A-31524C45D459}.Debug|Any CPU.ActiveCfg = Debug|Any CPU
		{AC386540-921A-4135-B23A-31524C45D459}.Debug|Any CPU.Build.0 = Debug|Any CPU
		{AC386540-921A-4135-B23A-31524C45D459}.Release|Any CPU.ActiveCfg = Release|Any CPU
		{AC386540-921A-4135-B23A-31524C45D459}.Release|Any CPU.Build.0 = Release|Any CPU
		{B8026D54-90DF-488C-86C1-91AA08535FD6}.Debug|Any CPU.ActiveCfg = Debug|Any CPU
		{B8026D54-90DF-488C-86C1-91AA08535FD6}.Debug|Any CPU.Build.0 = Debug|Any CPU
		{B8026D54-90DF-488C-86C1-91AA08535FD6}.Release|Any CPU.ActiveCfg = Release|Any CPU
		{B8026D54-90DF-488C-86C1-91AA08535FD6}.Release|Any CPU.Build.0 = Release|Any CPU
		{BA53E09C-ACA9-4A5B-91C9-C696B8EC3693}.Debug|Any CPU.ActiveCfg = Debug|Any CPU
		{BA53E09C-ACA9-4A5B-91C9-C696B8EC3693}.Debug|Any CPU.Build.0 = Debug|Any CPU
		{BA53E09C-ACA9-4A5B-91C9-C696B8EC3693}.Release|Any CPU.ActiveCfg = Release|Any CPU
		{BA53E09C-ACA9-4A5B-91C9-C696B8EC3693}.Release|Any CPU.Build.0 = Release|Any CPU
	EndGlobalSection
	GlobalSection(SolutionProperties) = preSolution
		HideSolutionNode = FALSE
	EndGlobalSection
	GlobalSection(ExtensibilityGlobals) = postSolution
		SolutionGuid = {600D928C-CDD7-4390-8496-74614E9B5BAD}
	EndGlobalSection
EndGlobal
